Microsoft Visual Studio Solution File, Format Version 12.00
# Visual Studio Version 17
VisualStudioVersion = 17.8.34525.116
MinimumVisualStudioVersion = 10.0.40219.1
Project("{9A19103F-16F7-4668-BE54-9A1E7A4F7556}") = "BarcodeStandard", "BarcodeStandard\BarcodeStandard.csproj", "{24B824A4-A4F1-4C31-A935-7EA11304B48B}"
EndProject
Project("{FAE04EC0-301F-11D3-BF4B-00C04F79EFBC}") = "BarcodeStandardExample", "BarcodeStandardExample\BarcodeStandardExample.csproj", "{411EC0AA-B1A0-4B77-AAAC-19AD20AA5678}"
	ProjectSection(ProjectDependencies) = postProject
		{24B824A4-A4F1-4C31-A935-7EA11304B48B} = {24B824A4-A4F1-4C31-A935-7EA11304B48B}
	EndProjectSection
EndProject
Project("{9A19103F-16F7-4668-BE54-9A1E7A4F7556}") = "BarcodeStandardTests", "BarcodeStandardTests\BarcodeStandardTests.csproj", "{C588CDB4-B0C9-4EC0-B790-F6F3ED443644}"
EndProject
Project("{2150E333-8FDC-42A3-9474-1A3956D46DE8}") = "Solution Items", "Solution Items", "{1D4FB897-B024-4FC6-8568-4900D63F6114}"
	ProjectSection(SolutionItems) = preProject
		.editorconfig = .editorconfig
	EndProjectSection
EndProject
Global
	GlobalSection(SolutionConfigurationPlatforms) = preSolution
		Debug|Any CPU = Debug|Any CPU
		Release|Any CPU = Release|Any CPU
	EndGlobalSection
	GlobalSection(ProjectConfigurationPlatforms) = postSolution
		{24B824A4-A4F1-4C31-A935-7EA11304B48B}.Debug|Any CPU.ActiveCfg = Debug|Any CPU
		{24B824A4-A4F1-4C31-A935-7EA11304B48B}.Debug|Any CPU.Build.0 = Debug|Any CPU
		{24B824A4-A4F1-4C31-A935-7EA11304B48B}.Release|Any CPU.ActiveCfg = Release|Any CPU
		{24B824A4-A4F1-4C31-A935-7EA11304B48B}.Release|Any CPU.Build.0 = Release|Any CPU
		{411EC0AA-B1A0-4B77-AAAC-19AD20AA5678}.Debug|Any CPU.ActiveCfg = Debug|Any CPU
		{411EC0AA-B1A0-4B77-AAAC-19AD20AA5678}.Debug|Any CPU.Build.0 = Debug|Any CPU
		{411EC0AA-B1A0-4B77-AAAC-19AD20AA5678}.Release|Any CPU.ActiveCfg = Release|Any CPU
		{411EC0AA-B1A0-4B77-AAAC-19AD20AA5678}.Release|Any CPU.Build.0 = Release|Any CPU
		{C588CDB4-B0C9-4EC0-B790-F6F3ED443644}.Debug|Any CPU.ActiveCfg = Debug|Any CPU
		{C588CDB4-B0C9-4EC0-B790-F6F3ED443644}.Debug|Any CPU.Build.0 = Debug|Any CPU
		{C588CDB4-B0C9-4EC0-B790-F6F3ED443644}.Release|Any CPU.ActiveCfg = Release|Any CPU
		{C588CDB4-B0C9-4EC0-B790-F6F3ED443644}.Release|Any CPU.Build.0 = Release|Any CPU
	EndGlobalSection
	GlobalSection(SolutionProperties) = preSolution
		HideSolutionNode = FALSE
	EndGlobalSection
	GlobalSection(ExtensibilityGlobals) = postSolution
		SolutionGuid = {E8B3FD4E-DAB0-460E-B8D8-9C5881AE6963}
	EndGlobalSection
EndGlobal
